
Microsoft Visual Studio Solution File, Format Version 12.00
Project("{FAE04EC0-301F-11D3-BF4B-00C04F79EFBC}") = "VoidExportBindings", "VoidExportBindings\VoidExportBindings.csproj", "{3452DF76-005D-40EE-9397-62DFB262834A}"
EndProject
Global
	GlobalSection(SolutionConfigurationPlatforms) = preSolution
		Debug|Any CPU = Debug|Any CPU
		Release|Any CPU = Release|Any CPU
	EndGlobalSection
	GlobalSection(ProjectConfigurationPlatforms) = postSolution
		{3452DF76-005D-40EE-9397-62DFB262834A}.Debug|Any CPU.ActiveCfg = Debug|Any CPU
		{3452DF76-005D-40EE-9397-62DFB262834A}.Debug|Any CPU.Build.0 = Debug|Any CPU
		{3452DF76-005D-40EE-9397-62DFB262834A}.Release|Any CPU.ActiveCfg = Release|Any CPU
		{3452DF76-005D-40EE-9397-62DFB262834A}.Release|Any CPU.Build.0 = Release|Any CPU
	EndGlobalSection
EndGlobal
